
Microsoft Visual Studio Solution File, Format Version 12.00
# Visual Studio 14
VisualStudioVersion = 14.0.25420.1
MinimumVisualStudioVersion = 10.0.40219.1
Project("{8BC9CEB8-8B4A-11D0-8D11-00A0C91BC942}") = "msocket_test_srv", "msocket_test_srv\msocket_test_srv.vcxproj", "{AEB9183B-B522-463F-89C1-158686F03E6D}"
EndProject
Project("{8BC9CEB8-8B4A-11D0-8D11-00A0C91BC942}") = "msocket_test_cli", "msocket_test_cli\msocket_test_cli.vcxproj", "{35F488BE-A42B-4D9B-AAEC-A484A955E669}"
EndProject
Global
	GlobalSection(SolutionConfigurationPlatforms) = preSolution
		Debug|x64 = Debug|x64
		Debug|x86 = Debug|x86
		Release|x64 = Release|x64
		Release|x86 = Release|x86
	EndGlobalSection
	GlobalSection(ProjectConfigurationPlatforms) = postSolution
		{AEB9183B-B522-463F-89C1-158686F03E6D}.Debug|x64.ActiveCfg = Debug|x64
		{AEB9183B-B522-463F-89C1-158686F03E6D}.Debug|x64.Build.0 = Debug|x64
		{AEB9183B-B522-463F-89C1-158686F03E6D}.Debug|x86.ActiveCfg = Debug|Win32
		{AEB9183B-B522-463F-89C1-158686F03E6D}.Debug|x86.Build.0 = Debug|Win32
		{AEB9183B-B522-463F-89C1-158686F03E6D}.Release|x64.ActiveCfg = Release|x64
		{AEB9183B-B522-463F-89C1-158686F03E6D}.Release|x64.Build.0 = Release|x64
		{AEB9183B-B522-463F-89C1-158686F03E6D}.Release|x86.ActiveCfg = Release|Win32
		{AEB9183B-B522-463F-89C1-158686F03E6D}.Release|x86.Build.0 = Release|Win32
		{35F488BE-A42B-4D9B-AAEC-A484A955E669}.Debug|x64.ActiveCfg = Debug|x64
		{35F488BE-A42B-4D9B-AAEC-A484A955E669}.Debug|x64.Build.0 = Debug|x64
		{35F488BE-A42B-4D9B-AAEC-A484A955E669}.Debug|x86.ActiveCfg = Debug|Win32
		{35F488BE-A42B-4D9B-AAEC-A484A955E669}.Debug|x86.Build.0 = Debug|Win32
		{35F488BE-A42B-4D9B-AAEC-A484A955E669}.Release|x64.ActiveCfg = Release|x64
		{35F488BE-A42B-4D9B-AAEC-A484A955E669}.Release|x64.Build.0 = Release|x64
		{35F488BE-A42B-4D9B-AAEC-A484A955E669}.Release|x86.ActiveCfg = Release|Win32
		{35F488BE-A42B-4D9B-AAEC-A484A955E669}.Release|x86.Build.0 = Release|Win32
	EndGlobalSection
	GlobalSection(SolutionProperties) = preSolution
		HideSolutionNode = FALSE
	EndGlobalSection
EndGlobal
