<?xml version="1.0" encoding="utf-8"?>
<Project ToolsVersion="4.0" xmlns="http://schemas.microsoft.com/developer/msbuild/2003">
  <ItemGroup>
    <Filter Include="msocket">
      <UniqueIdentifier>{e79323b0-600e-40b5-8555-0d46d36b920e}</UniqueIdentifier>
    </Filter>
    <Filter Include="application">
      <UniqueIdentifier>{027f2be0-b839-4e90-8dfa-926a456fbf28}</UniqueIdentifier>
    </Filter>
    <Filter Include="msocket\inc">
      <UniqueIdentifier>{8efb8cf8-543e-41c7-a125-cf962cab973f}</UniqueIdentifier>
    </Filter>
    <Filter Include="msocket\src">
      <UniqueIdentifier>{0a702dea-abb8-4469-b054-a27009c4202d}</UniqueIdentifier>
    </Filter>
  </ItemGroup>
  <ItemGroup>
    <ClInclude Include="..\..\..\..\inc\msocket.h">
      <Filter>msocket\inc</Filter>
    </ClInclude>
    <ClInclude Include="..\..\..\..\inc\msocket_adapter.h">
      <Filter>msocket\inc</Filter>
    </ClInclude>
    <ClInclude Include="..\..\..\..\inc\msocket_adt.h">
      <Filter>msocket\inc</Filter>
    </ClInclude>
    <ClInclude Include="..\..\..\..\inc\msocket_server.h">
      <Filter>msocket\inc</Filter>
    </ClInclude>
    <ClInclude Include="..\..\..\..\inc\osmacro.h">
      <Filter>msocket\inc</Filter>
    </ClInclude>
    <ClInclude Include="..\..\..\..\inc\osutil.h">
      <Filter>msocket\inc</Filter>
    </ClInclude>
    <ClInclude Include="..\..\..\..\examples\echo_cpp\server_connection.h">
      <Filter>application</Filter>
    </ClInclude>
    <ClInclude Include="..\..\..\..\examples\echo_cpp\echo_server.h">
      <Filter>application</Filter>
    </ClInclude>
  </ItemGroup>
  <ItemGroup>
    <ClCompile Include="..\..\..\..\src\msocket.c">
      <Filter>msocket\src</Filter>
    </ClCompile>
    <ClCompile Include="..\..\..\..\src\msocket_adapter.cpp">
      <Filter>msocket\src</Filter>
    </ClCompile>
    <ClCompile Include="..\..\..\..\src\msocket_adt.c">
      <Filter>msocket\src</Filter>
    </ClCompile>
    <ClCompile Include="..\..\..\..\src\msocket_server.c">
      <Filter>msocket\src</Filter>
    </ClCompile>
    <ClCompile Include="..\..\..\..\src\osutil.c">
      <Filter>msocket\src</Filter>
    </ClCompile>
    <ClCompile Include="..\..\..\..\examples\echo_cpp\echo_server.cpp">
      <Filter>application</Filter>
    </ClCompile>
    <ClCompile Include="..\..\..\..\examples\echo_cpp\server_connection.cpp">
      <Filter>application</Filter>
    </ClCompile>
    <ClCompile Include="..\..\..\..\examples\echo_cpp\echo_server_main.cpp">
      <Filter>application</Filter>
    </ClCompile>
  </ItemGroup>
</Project>